
Microsoft Visual Studio Solution File, Format Version 12.00
# Visual Studio Version 17
VisualStudioVersion = 17.1.32421.90
MinimumVisualStudioVersion = 10.0.40219.1
Project("{FAE04EC0-301F-11D3-BF4B-00C04F79EFBC}") = "Mezenne Hesablama", "Mezenne Hesablama\Mezenne Hesablama.csproj", "{DF7F990B-EA98-4D60-9EEE-2AC1D38ECBDA}"
EndProject
Global
	GlobalSection(SolutionConfigurationPlatforms) = preSolution
		Debug|Any CPU = Debug|Any CPU
		Release|Any CPU = Release|Any CPU
	EndGlobalSection
	GlobalSection(ProjectConfigurationPlatforms) = postSolution
		{DF7F990B-EA98-4D60-9EEE-2AC1D38ECBDA}.Debug|Any CPU.ActiveCfg = Debug|Any CPU
		{DF7F990B-EA98-4D60-9EEE-2AC1D38ECBDA}.Debug|Any CPU.Build.0 = Debug|Any CPU
		{DF7F990B-EA98-4D60-9EEE-2AC1D38ECBDA}.Release|Any CPU.ActiveCfg = Release|Any CPU
		{DF7F990B-EA98-4D60-9EEE-2AC1D38ECBDA}.Release|Any CPU.Build.0 = Release|Any CPU
	EndGlobalSection
	GlobalSection(SolutionProperties) = preSolution
		HideSolutionNode = FALSE
	EndGlobalSection
	GlobalSection(ExtensibilityGlobals) = postSolution
		SolutionGuid = {3BFA8272-797E-4B6A-AE49-B79BE569C174}
	EndGlobalSection
EndGlobal
